// !$*UTF8*$!
{
	archiveVersion = 1;
	classes = {
	};
	objectVersion = 51;
	objects = {

/* Begin PBXBuildFile section */
		2F09AB752372BF8B00E4E5D2 /* Extns.swift in Sources */ = {isa = PBXBuildFile; fileRef = 2F09AB742372BF8B00E4E5D2 /* Extns.swift */; };
		2F09AB772372C60F00E4E5D2 /* SettingsViewController.swift in Sources */ = {isa = PBXBuildFile; fileRef = 2F09AB762372C60F00E4E5D2 /* SettingsViewController.swift */; };
		2F09AB7A2372CD9D00E4E5D2 /* AddClockTableViewCell.swift in Sources */ = {isa = PBXBuildFile; fileRef = 2F09AB782372CD9D00E4E5D2 /* AddClockTableViewCell.swift */; };
		2F09AB7B2372CD9D00E4E5D2 /* AddClockTableViewCell.xib in Resources */ = {isa = PBXBuildFile; fileRef = 2F09AB792372CD9D00E4E5D2 /* AddClockTableViewCell.xib */; };
		2F09AB852372E68400E4E5D2 /* NetworkRoute.swift in Sources */ = {isa = PBXBuildFile; fileRef = 2F09AB842372E68400E4E5D2 /* NetworkRoute.swift */; };
		2F09AB872372F2BB00E4E5D2 /* NetworkCalls.swift in Sources */ = {isa = PBXBuildFile; fileRef = 2F09AB862372F2BB00E4E5D2 /* NetworkCalls.swift */; };
		2F09AB8C2372F5B100E4E5D2 /* CityTimeModel.swift in Sources */ = {isa = PBXBuildFile; fileRef = 2F09AB8B2372F5B100E4E5D2 /* CityTimeModel.swift */; };
		2F09AB8F2372FA4C00E4E5D2 /* AddClockViewController.swift in Sources */ = {isa = PBXBuildFile; fileRef = 2F09AB8E2372FA4C00E4E5D2 /* AddClockViewController.swift */; };
		2F09AB912372FA7C00E4E5D2 /* AddClockPresenter.swift in Sources */ = {isa = PBXBuildFile; fileRef = 2F09AB902372FA7C00E4E5D2 /* AddClockPresenter.swift */; };
		2F09AB932372FA8B00E4E5D2 /* AddClockConfigurator.swift in Sources */ = {isa = PBXBuildFile; fileRef = 2F09AB922372FA8B00E4E5D2 /* AddClockConfigurator.swift */; };
		2F09AB97237306B400E4E5D2 /* MapKit.framework in Frameworks */ = {isa = PBXBuildFile; fileRef = 2F09AB96237306B400E4E5D2 /* MapKit.framework */; };
		2FA4F2832371BBEB0037793D /* AppDelegate.swift in Sources */ = {isa = PBXBuildFile; fileRef = 2FA4F2822371BBEB0037793D /* AppDelegate.swift */; };
		2FA4F2852371BBEB0037793D /* MainViewController.swift in Sources */ = {isa = PBXBuildFile; fileRef = 2FA4F2842371BBEB0037793D /* MainViewController.swift */; };
		2FA4F2882371BBEB0037793D /* Main.storyboard in Resources */ = {isa = PBXBuildFile; fileRef = 2FA4F2862371BBEB0037793D /* Main.storyboard */; };
		2FA4F28A2371BBED0037793D /* Assets.xcassets in Resources */ = {isa = PBXBuildFile; fileRef = 2FA4F2892371BBED0037793D /* Assets.xcassets */; };
		2FA4F28D2371BBED0037793D /* LaunchScreen.storyboard in Resources */ = {isa = PBXBuildFile; fileRef = 2FA4F28B2371BBED0037793D /* LaunchScreen.storyboard */; };
		2FA4F2972371C80A0037793D /* MyTabBar.swift in Sources */ = {isa = PBXBuildFile; fileRef = 2FA4F2962371C80A0037793D /* MyTabBar.swift */; };
		2FA4F29A2371C9550037793D /* ListClockTableViewCell.swift in Sources */ = {isa = PBXBuildFile; fileRef = 2FA4F2982371C9550037793D /* ListClockTableViewCell.swift */; };
		2FA4F29B2371C9550037793D /* ListClockTableViewCell.xib in Resources */ = {isa = PBXBuildFile; fileRef = 2FA4F2992371C9550037793D /* ListClockTableViewCell.xib */; };
		35F185008CA8E8D6588B5B17 /* Pods_WorldClock.framework in Frameworks */ = {isa = PBXBuildFile; fileRef = 52B12858324671F787BD1B71 /* Pods_WorldClock.framework */; };
/* End PBXBuildFile section */

/* Begin PBXFileReference section */
		2F09AB742372BF8B00E4E5D2 /* Extns.swift */ = {isa = PBXFileReference; lastKnownFileType = sourcecode.swift; path = Extns.swift; sourceTree = "<group>"; };
		2F09AB762372C60F00E4E5D2 /* SettingsViewController.swift */ = {isa = PBXFileReference; lastKnownFileType = sourcecode.swift; path = SettingsViewController.swift; sourceTree = "<group>"; };
		2F09AB782372CD9D00E4E5D2 /* AddClockTableViewCell.swift */ = {isa = PBXFileReference; lastKnownFileType = sourcecode.swift; path = AddClockTableViewCell.swift; sourceTree = "<group>"; };
		2F09AB792372CD9D00E4E5D2 /* AddClockTableViewCell.xib */ = {isa = PBXFileReference; lastKnownFileType = file.xib; path = AddClockTableViewCell.xib; sourceTree = "<group>"; };
		2F09AB842372E68400E4E5D2 /* NetworkRoute.swift */ = {isa = PBXFileReference; lastKnownFileType = sourcecode.swift; path = NetworkRoute.swift; sourceTree = "<group>"; };
		2F09AB862372F2BB00E4E5D2 /* NetworkCalls.swift */ = {isa = PBXFileReference; lastKnownFileType = sourcecode.swift; path = NetworkCalls.swift; sourceTree = "<group>"; };
		2F09AB8B2372F5B100E4E5D2 /* CityTimeModel.swift */ = {isa = PBXFileReference; lastKnownFileType = sourcecode.swift; path = CityTimeModel.swift; sourceTree = "<group>"; };
		2F09AB8E2372FA4C00E4E5D2 /* AddClockViewController.swift */ = {isa = PBXFileReference; lastKnownFileType = sourcecode.swift; path = AddClockViewController.swift; sourceTree = "<group>"; };
		2F09AB902372FA7C00E4E5D2 /* AddClockPresenter.swift */ = {isa = PBXFileReference; lastKnownFileType = sourcecode.swift; path = AddClockPresenter.swift; sourceTree = "<group>"; };
		2F09AB922372FA8B00E4E5D2 /* AddClockConfigurator.swift */ = {isa = PBXFileReference; lastKnownFileType = sourcecode.swift; path = AddClockConfigurator.swift; sourceTree = "<group>"; };
		2F09AB96237306B400E4E5D2 /* MapKit.framework */ = {isa = PBXFileReference; lastKnownFileType = wrapper.framework; name = MapKit.framework; path = System/Library/Frameworks/MapKit.framework; sourceTree = SDKROOT; };
		2FA4F27F2371BBEB0037793D /* WorldClock.app */ = {isa = PBXFileReference; explicitFileType = wrapper.application; includeInIndex = 0; path = WorldClock.app; sourceTree = BUILT_PRODUCTS_DIR; };
		2FA4F2822371BBEB0037793D /* AppDelegate.swift */ = {isa = PBXFileReference; lastKnownFileType = sourcecode.swift; path = AppDelegate.swift; sourceTree = "<group>"; };
		2FA4F2842371BBEB0037793D /* MainViewController.swift */ = {isa = PBXFileReference; lastKnownFileType = sourcecode.swift; path = MainViewController.swift; sourceTree = "<group>"; };
		2FA4F2872371BBEB0037793D /* Base */ = {isa = PBXFileReference; lastKnownFileType = file.storyboard; name = Base; path = Base.lproj/Main.storyboard; sourceTree = "<group>"; };
		2FA4F2892371BBED0037793D /* Assets.xcassets */ = {isa = PBXFileReference; lastKnownFileType = folder.assetcatalog; path = Assets.xcassets; sourceTree = "<group>"; };
		2FA4F28C2371BBED0037793D /* Base */ = {isa = PBXFileReference; lastKnownFileType = file.storyboard; name = Base; path = Base.lproj/LaunchScreen.storyboard; sourceTree = "<group>"; };
		2FA4F28E2371BBED0037793D /* Info.plist */ = {isa = PBXFileReference; lastKnownFileType = text.plist.xml; path = Info.plist; sourceTree = "<group>"; };
		2FA4F2962371C80A0037793D /* MyTabBar.swift */ = {isa = PBXFileReference; lastKnownFileType = sourcecode.swift; path = MyTabBar.swift; sourceTree = "<group>"; };
		2FA4F2982371C9550037793D /* ListClockTableViewCell.swift */ = {isa = PBXFileReference; lastKnownFileType = sourcecode.swift; path = ListClockTableViewCell.swift; sourceTree = "<group>"; };
		2FA4F2992371C9550037793D /* ListClockTableViewCell.xib */ = {isa = PBXFileReference; lastKnownFileType = file.xib; path = ListClockTableViewCell.xib; sourceTree = "<group>"; };
		39C081E8D0F32028817E784E /* Pods-WorldClock.debug.xcconfig */ = {isa = PBXFileReference; includeInIndex = 1; lastKnownFileType = text.xcconfig; name = "Pods-WorldClock.debug.xcconfig"; path = "Target Support Files/Pods-WorldClock/Pods-WorldClock.debug.xcconfig"; sourceTree = "<group>"; };
		52B12858324671F787BD1B71 /* Pods_WorldClock.framework */ = {isa = PBXFileReference; explicitFileType = wrapper.framework; includeInIndex = 0; path = Pods_WorldClock.framework; sourceTree = BUILT_PRODUCTS_DIR; };
		EE8DC99D561C94CCB2A609E4 /* Pods-WorldClock.release.xcconfig */ = {isa = PBXFileReference; includeInIndex = 1; lastKnownFileType = text.xcconfig; name = "Pods-WorldClock.release.xcconfig"; path = "Target Support Files/Pods-WorldClock/Pods-WorldClock.release.xcconfig"; sourceTree = "<group>"; };
/* End PBXFileReference section */

/* Begin PBXFrameworksBuildPhase section */
		2FA4F27C2371BBEB0037793D /* Frameworks */ = {
			isa = PBXFrameworksBuildPhase;
			buildActionMask = 2147483647;
			files = (
				2F09AB97237306B400E4E5D2 /* MapKit.framework in Frameworks */,
				35F185008CA8E8D6588B5B17 /* Pods_WorldClock.framework in Frameworks */,
			);
			runOnlyForDeploymentPostprocessing = 0;
		};
/* End PBXFrameworksBuildPhase section */

/* Begin PBXGroup section */
		15F19C39AF79F4F3D1A861FA /* Pods */ = {
			isa = PBXGroup;
			children = (
				39C081E8D0F32028817E784E /* Pods-WorldClock.debug.xcconfig */,
				EE8DC99D561C94CCB2A609E4 /* Pods-WorldClock.release.xcconfig */,
			);
			path = Pods;
			sourceTree = "<group>";
		};
		2F09AB7C2372E20600E4E5D2 /* Scenes */ = {
			isa = PBXGroup;
			children = (
				2F09AB8D2372FA2E00E4E5D2 /* AddClock */,
				2F09AB7D2372E21700E4E5D2 /* Clock */,
				2F09AB7E2372E22700E4E5D2 /* Cells */,
				2F09AB812372E25000E4E5D2 /* Settings */,
			);
			path = Scenes;
			sourceTree = "<group>";
		};
		2F09AB7D2372E21700E4E5D2 /* Clock */ = {
			isa = PBXGroup;
			children = (
				2FA4F2842371BBEB0037793D /* MainViewController.swift */,
			);
			path = Clock;
			sourceTree = "<group>";
		};
		2F09AB7E2372E22700E4E5D2 /* Cells */ = {
			isa = PBXGroup;
			children = (
				2F09AB7F2372E22E00E4E5D2 /* AddClock */,
				2F09AB802372E23A00E4E5D2 /* ListCLock */,
			);
			path = Cells;
			sourceTree = "<group>";
		};
		2F09AB7F2372E22E00E4E5D2 /* AddClock */ = {
			isa = PBXGroup;
			children = (
				2F09AB782372CD9D00E4E5D2 /* AddClockTableViewCell.swift */,
				2F09AB792372CD9D00E4E5D2 /* AddClockTableViewCell.xib */,
			);
			path = AddClock;
			sourceTree = "<group>";
		};
		2F09AB802372E23A00E4E5D2 /* ListCLock */ = {
			isa = PBXGroup;
			children = (
				2FA4F2982371C9550037793D /* ListClockTableViewCell.swift */,
				2FA4F2992371C9550037793D /* ListClockTableViewCell.xib */,
			);
			path = ListCLock;
			sourceTree = "<group>";
		};
		2F09AB812372E25000E4E5D2 /* Settings */ = {
			isa = PBXGroup;
			children = (
				2F09AB762372C60F00E4E5D2 /* SettingsViewController.swift */,
			);
			path = Settings;
			sourceTree = "<group>";
		};
		2F09AB822372E66D00E4E5D2 /* Model */ = {
			isa = PBXGroup;
			children = (
				2F09AB892372F59400E4E5D2 /* Core */,
				2F09AB832372E67300E4E5D2 /* Network */,
			);
			path = Model;
			sourceTree = "<group>";
		};
		2F09AB832372E67300E4E5D2 /* Network */ = {
			isa = PBXGroup;
			children = (
				2F09AB842372E68400E4E5D2 /* NetworkRoute.swift */,
				2F09AB862372F2BB00E4E5D2 /* NetworkCalls.swift */,
			);
			path = Network;
			sourceTree = "<group>";
		};
		2F09AB892372F59400E4E5D2 /* Core */ = {
			isa = PBXGroup;
			children = (
				2F09AB8A2372F59C00E4E5D2 /* Entity */,
			);
			path = Core;
			sourceTree = "<group>";
		};
		2F09AB8A2372F59C00E4E5D2 /* Entity */ = {
			isa = PBXGroup;
			children = (
				2F09AB8B2372F5B100E4E5D2 /* CityTimeModel.swift */,
			);
			path = Entity;
			sourceTree = "<group>";
		};
		2F09AB8D2372FA2E00E4E5D2 /* AddClock */ = {
			isa = PBXGroup;
			children = (
				2F09AB8E2372FA4C00E4E5D2 /* AddClockViewController.swift */,
				2F09AB902372FA7C00E4E5D2 /* AddClockPresenter.swift */,
				2F09AB922372FA8B00E4E5D2 /* AddClockConfigurator.swift */,
			);
			path = AddClock;
			sourceTree = "<group>";
		};
		2FA4F2762371BBEB0037793D = {
			isa = PBXGroup;
			children = (
				2FA4F2812371BBEB0037793D /* WorldClock */,
				2FA4F2802371BBEB0037793D /* Products */,
				15F19C39AF79F4F3D1A861FA /* Pods */,
				36DCBD691C35E754141B32F2 /* Frameworks */,
			);
			sourceTree = "<group>";
		};
		2FA4F2802371BBEB0037793D /* Products */ = {
			isa = PBXGroup;
			children = (
				2FA4F27F2371BBEB0037793D /* WorldClock.app */,
			);
			name = Products;
			sourceTree = "<group>";
		};
		2FA4F2812371BBEB0037793D /* WorldClock */ = {
			isa = PBXGroup;
			children = (
				2F09AB822372E66D00E4E5D2 /* Model */,
				2FA4F2962371C80A0037793D /* MyTabBar.swift */,
				2FA4F2822371BBEB0037793D /* AppDelegate.swift */,
				2F09AB7C2372E20600E4E5D2 /* Scenes */,
				2FA4F2862371BBEB0037793D /* Main.storyboard */,
				2F09AB742372BF8B00E4E5D2 /* Extns.swift */,
				2FA4F2892371BBED0037793D /* Assets.xcassets */,
				2FA4F28B2371BBED0037793D /* LaunchScreen.storyboard */,
				2FA4F28E2371BBED0037793D /* Info.plist */,
			);
			path = WorldClock;
			sourceTree = "<group>";
		};
		36DCBD691C35E754141B32F2 /* Frameworks */ = {
			isa = PBXGroup;
			children = (
				2F09AB96237306B400E4E5D2 /* MapKit.framework */,
				52B12858324671F787BD1B71 /* Pods_WorldClock.framework */,
			);
			name = Frameworks;
			sourceTree = "<group>";
		};
/* End PBXGroup section */

/* Begin PBXNativeTarget section */
		2FA4F27E2371BBEB0037793D /* WorldClock */ = {
			isa = PBXNativeTarget;
			buildConfigurationList = 2FA4F2912371BBED0037793D /* Build configuration list for PBXNativeTarget "WorldClock" */;
			buildPhases = (
				04DE7F26A1AE7A9AC900AF7F /* [CP] Check Pods Manifest.lock */,
				2FA4F27B2371BBEB0037793D /* Sources */,
				2FA4F27C2371BBEB0037793D /* Frameworks */,
				2FA4F27D2371BBEB0037793D /* Resources */,
				E488F46CB6D673F4E300124C /* [CP] Embed Pods Frameworks */,
			);
			buildRules = (
			);
			dependencies = (
			);
			name = WorldClock;
			productName = WorldClock;
			productReference = 2FA4F27F2371BBEB0037793D /* WorldClock.app */;
			productType = "com.apple.product-type.application";
		};
/* End PBXNativeTarget section */

/* Begin PBXProject section */
		2FA4F2772371BBEB0037793D /* Project object */ = {
			isa = PBXProject;
			attributes = {
				LastSwiftUpdateCheck = 1020;
				LastUpgradeCheck = 1020;
				ORGANIZATIONNAME = "Ahmed Yasser";
				TargetAttributes = {
					2FA4F27E2371BBEB0037793D = {
						CreatedOnToolsVersion = 10.2;
						SystemCapabilities = {
							com.apple.Maps.iOS = {
								enabled = 1;
							};
						};
					};
				};
			};
			buildConfigurationList = 2FA4F27A2371BBEB0037793D /* Build configuration list for PBXProject "WorldClock" */;
			compatibilityVersion = "Xcode 9.3";
			developmentRegion = en;
			hasScannedForEncodings = 0;
			knownRegions = (
				en,
				Base,
			);
			mainGroup = 2FA4F2762371BBEB0037793D;
			productRefGroup = 2FA4F2802371BBEB0037793D /* Products */;
			projectDirPath = "";
			projectRoot = "";
			targets = (
				2FA4F27E2371BBEB0037793D /* WorldClock */,
			);
		};
/* End PBXProject section */

/* Begin PBXResourcesBuildPhase section */
		2FA4F27D2371BBEB0037793D /* Resources */ = {
			isa = PBXResourcesBuildPhase;
			buildActionMask = 2147483647;
			files = (
				2FA4F28D2371BBED0037793D /* LaunchScreen.storyboard in Resources */,
				2FA4F28A2371BBED0037793D /* Assets.xcassets in Resources */,
				2FA4F29B2371C9550037793D /* ListClockTableViewCell.xib in Resources */,
				2F09AB7B2372CD9D00E4E5D2 /* AddClockTableViewCell.xib in Resources */,
				2FA4F2882371BBEB0037793D /* Main.storyboard in Resources */,
			);
			runOnlyForDeploymentPostprocessing = 0;
		};
/* End PBXResourcesBuildPhase section */

/* Begin PBXShellScriptBuildPhase section */
		04DE7F26A1AE7A9AC900AF7F /* [CP] Check Pods Manifest.lock */ = {
			isa = PBXShellScriptBuildPhase;
			buildActionMask = 2147483647;
			files = (
			);
			inputFileListPaths = (
			);
			inputPaths = (
				"${PODS_PODFILE_DIR_PATH}/Podfile.lock",
				"${PODS_ROOT}/Manifest.lock",
			);
			name = "[CP] Check Pods Manifest.lock";
			outputFileListPaths = (
			);
			outputPaths = (
				"$(DERIVED_FILE_DIR)/Pods-WorldClock-checkManifestLockResult.txt",
			);
			runOnlyForDeploymentPostprocessing = 0;
			shellPath = /bin/sh;
			shellScript = "diff \"${PODS_PODFILE_DIR_PATH}/Podfile.lock\" \"${PODS_ROOT}/Manifest.lock\" > /dev/null\nif [ $? != 0 ] ; then\n    # print error to STDERR\n    echo \"error: The sandbox is not in sync with the Podfile.lock. Run 'pod install' or update your CocoaPods installation.\" >&2\n    exit 1\nfi\n# This output is used by Xcode 'outputs' to avoid re-running this script phase.\necho \"SUCCESS\" > \"${SCRIPT_OUTPUT_FILE_0}\"\n";
			showEnvVarsInLog = 0;
		};
		E488F46CB6D673F4E300124C /* [CP] Embed Pods Frameworks */ = {
			isa = PBXShellScriptBuildPhase;
			buildActionMask = 2147483647;
			files = (
			);
			inputFileListPaths = (
				"${PODS_ROOT}/Target Support Files/Pods-WorldClock/Pods-WorldClock-frameworks-${CONFIGURATION}-input-files.xcfilelist",
			);
			name = "[CP] Embed Pods Frameworks";
			outputFileListPaths = (
				"${PODS_ROOT}/Target Support Files/Pods-WorldClock/Pods-WorldClock-frameworks-${CONFIGURATION}-output-files.xcfilelist",
			);
			runOnlyForDeploymentPostprocessing = 0;
			shellPath = /bin/sh;
			shellScript = "\"${PODS_ROOT}/Target Support Files/Pods-WorldClock/Pods-WorldClock-frameworks.sh\"\n";
			showEnvVarsInLog = 0;
		};
/* End PBXShellScriptBuildPhase section */

/* Begin PBXSourcesBuildPhase section */
		2FA4F27B2371BBEB0037793D /* Sources */ = {
			isa = PBXSourcesBuildPhase;
			buildActionMask = 2147483647;
			files = (
				2F09AB752372BF8B00E4E5D2 /* Extns.swift in Sources */,
				2F09AB8C2372F5B100E4E5D2 /* CityTimeModel.swift in Sources */,
				2FA4F2852371BBEB0037793D /* MainViewController.swift in Sources */,
				2FA4F2832371BBEB0037793D /* AppDelegate.swift in Sources */,
				2F09AB7A2372CD9D00E4E5D2 /* AddClockTableViewCell.swift in Sources */,
				2FA4F29A2371C9550037793D /* ListClockTableViewCell.swift in Sources */,
				2F09AB872372F2BB00E4E5D2 /* NetworkCalls.swift in Sources */,
				2FA4F2972371C80A0037793D /* MyTabBar.swift in Sources */,
				2F09AB932372FA8B00E4E5D2 /* AddClockConfigurator.swift in Sources */,
				2F09AB852372E68400E4E5D2 /* NetworkRoute.swift in Sources */,
				2F09AB772372C60F00E4E5D2 /* SettingsViewController.swift in Sources */,
				2F09AB8F2372FA4C00E4E5D2 /* AddClockViewController.swift in Sources */,
				2F09AB912372FA7C00E4E5D2 /* AddClockPresenter.swift in Sources */,
			);
			runOnlyForDeploymentPostprocessing = 0;
		};
/* End PBXSourcesBuildPhase section */

/* Begin PBXVariantGroup section */
		2FA4F2862371BBEB0037793D /* Main.storyboard */ = {
			isa = PBXVariantGroup;
			children = (
				2FA4F2872371BBEB0037793D /* Base */,
			);
			name = Main.storyboard;
			sourceTree = "<group>";
		};
		2FA4F28B2371BBED0037793D /* LaunchScreen.storyboard */ = {
			isa = PBXVariantGroup;
			children = (
				2FA4F28C2371BBED0037793D /* Base */,
			);
			name = LaunchScreen.storyboard;
			sourceTree = "<group>";
		};
/* End PBXVariantGroup section */

/* Begin XCBuildConfiguration section */
		2FA4F28F2371BBED0037793D /* Debug */ = {
			isa = XCBuildConfiguration;
			buildSettings = {
				ALWAYS_SEARCH_USER_PATHS = NO;
				CLANG_ANALYZER_NONNULL = YES;
				CLANG_ANALYZER_NUMBER_OBJECT_CONVERSION = YES_AGGRESSIVE;
				CLANG_CXX_LANGUAGE_STANDARD = "gnu++14";
				CLANG_CXX_LIBRARY = "libc++";
				CLANG_ENABLE_MODULES = YES;
				CLANG_ENABLE_OBJC_ARC = YES;
				CLANG_ENABLE_OBJC_WEAK = YES;
				CLANG_WARN_BLOCK_CAPTURE_AUTORELEASING = YES;
				CLANG_WARN_BOOL_CONVERSION = YES;
				CLANG_WARN_COMMA = YES;
				CLANG_WARN_CONSTANT_CONVERSION = YES;
				CLANG_WARN_DEPRECATED_OBJC_IMPLEMENTATIONS = YES;
				CLANG_WARN_DIRECT_OBJC_ISA_USAGE = YES_ERROR;
				CLANG_WARN_DOCUMENTATION_COMMENTS = YES;
				CLANG_WARN_EMPTY_BODY = YES;
				CLANG_WARN_ENUM_CONVERSION = YES;
				CLANG_WARN_INFINITE_RECURSION = YES;
				CLANG_WARN_INT_CONVERSION = YES;
				CLANG_WARN_NON_LITERAL_NULL_CONVERSION = YES;
				CLANG_WARN_OBJC_IMPLICIT_RETAIN_SELF = YES;
				CLANG_WARN_OBJC_LITERAL_CONVERSION = YES;
				CLANG_WARN_OBJC_ROOT_CLASS = YES_ERROR;
				CLANG_WARN_RANGE_LOOP_ANALYSIS = YES;
				CLANG_WARN_STRICT_PROTOTYPES = YES;
				CLANG_WARN_SUSPICIOUS_MOVE = YES;
				CLANG_WARN_UNGUARDED_AVAILABILITY = YES_AGGRESSIVE;
				CLANG_WARN_UNREACHABLE_CODE = YES;
				CLANG_WARN__DUPLICATE_METHOD_MATCH = YES;
				CODE_SIGN_IDENTITY = "iPhone Developer";
				COPY_PHASE_STRIP = NO;
				DEBUG_INFORMATION_FORMAT = dwarf;
				ENABLE_STRICT_OBJC_MSGSEND = YES;
				ENABLE_TESTABILITY = YES;
				GCC_C_LANGUAGE_STANDARD = gnu11;
				GCC_DYNAMIC_NO_PIC = NO;
				GCC_NO_COMMON_BLOCKS = YES;
				GCC_OPTIMIZATION_LEVEL = 0;
				GCC_PREPROCESSOR_DEFINITIONS = (
					"DEBUG=1",
					"$(inherited)",
				);
				GCC_WARN_64_TO_32_BIT_CONVERSION = YES;
				GCC_WARN_ABOUT_RETURN_TYPE = YES_ERROR;
				GCC_WARN_UNDECLARED_SELECTOR = YES;
				GCC_WARN_UNINITIALIZED_AUTOS = YES_AGGRESSIVE;
				GCC_WARN_UNUSED_FUNCTION = YES;
				GCC_WARN_UNUSED_VARIABLE = YES;
				IPHONEOS_DEPLOYMENT_TARGET = 12.2;
				MTL_ENABLE_DEBUG_INFO = INCLUDE_SOURCE;
				MTL_FAST_MATH = YES;
				ONLY_ACTIVE_ARCH = YES;
				SDKROOT = iphoneos;
				SWIFT_ACTIVE_COMPILATION_CONDITIONS = DEBUG;
				SWIFT_OPTIMIZATION_LEVEL = "-Onone";
			};
			name = Debug;
		};
		2FA4F2902371BBED0037793D /* Release */ = {
			isa = XCBuildConfiguration;
			buildSettings = {
				ALWAYS_SEARCH_USER_PATHS = NO;
				CLANG_ANALYZER_NONNULL = YES;
				CLANG_ANALYZER_NUMBER_OBJECT_CONVERSION = YES_AGGRESSIVE;
				CLANG_CXX_LANGUAGE_STANDARD = "gnu++14";
				CLANG_CXX_LIBRARY = "libc++";
				CLANG_ENABLE_MODULES = YES;
				CLANG_ENABLE_OBJC_ARC = YES;
				CLANG_ENABLE_OBJC_WEAK = YES;
				CLANG_WARN_BLOCK_CAPTURE_AUTORELEASING = YES;
				CLANG_WARN_BOOL_CONVERSION = YES;
				CLANG_WARN_COMMA = YES;
				CLANG_WARN_CONSTANT_CONVERSION = YES;
				CLANG_WARN_DEPRECATED_OBJC_IMPLEMENTATIONS = YES;
				CLANG_WARN_DIRECT_OBJC_ISA_USAGE = YES_ERROR;
				CLANG_WARN_DOCUMENTATION_COMMENTS = YES;
				CLANG_WARN_EMPTY_BODY = YES;
				CLANG_WARN_ENUM_CONVERSION = YES;
				CLANG_WARN_INFINITE_RECURSION = YES;
				CLANG_WARN_INT_CONVERSION = YES;
				CLANG_WARN_NON_LITERAL_NULL_CONVERSION = YES;
				CLANG_WARN_OBJC_IMPLICIT_RETAIN_SELF = YES;
				CLANG_WARN_OBJC_LITERAL_CONVERSION = YES;
				CLANG_WARN_OBJC_ROOT_CLASS = YES_ERROR;
				CLANG_WARN_RANGE_LOOP_ANALYSIS = YES;
				CLANG_WARN_STRICT_PROTOTYPES = YES;
				CLANG_WARN_SUSPICIOUS_MOVE = YES;
				CLANG_WARN_UNGUARDED_AVAILABILITY = YES_AGGRESSIVE;
				CLANG_WARN_UNREACHABLE_CODE = YES;
				CLANG_WARN__DUPLICATE_METHOD_MATCH = YES;
				CODE_SIGN_IDENTITY = "iPhone Developer";
				COPY_PHASE_STRIP = NO;
				DEBUG_INFORMATION_FORMAT = "dwarf-with-dsym";
				ENABLE_NS_ASSERTIONS = NO;
				ENABLE_STRICT_OBJC_MSGSEND = YES;
				GCC_C_LANGUAGE_STANDARD = gnu11;
				GCC_NO_COMMON_BLOCKS = YES;
				GCC_WARN_64_TO_32_BIT_CONVERSION = YES;
				GCC_WARN_ABOUT_RETURN_TYPE = YES_ERROR;
				GCC_WARN_UNDECLARED_SELECTOR = YES;
				GCC_WARN_UNINITIALIZED_AUTOS = YES_AGGRESSIVE;
				GCC_WARN_UNUSED_FUNCTION = YES;
				GCC_WARN_UNUSED_VARIABLE = YES;
				IPHONEOS_DEPLOYMENT_TARGET = 12.2;
				MTL_ENABLE_DEBUG_INFO = NO;
				MTL_FAST_MATH = YES;
				SDKROOT = iphoneos;
				SWIFT_COMPILATION_MODE = wholemodule;
				SWIFT_OPTIMIZATION_LEVEL = "-O";
				VALIDATE_PRODUCT = YES;
			};
			name = Release;
		};
		2FA4F2922371BBED0037793D /* Debug */ = {
			isa = XCBuildConfiguration;
			baseConfigurationReference = 39C081E8D0F32028817E784E /* Pods-WorldClock.debug.xcconfig */;
			buildSettings = {
				ASSETCATALOG_COMPILER_APPICON_NAME = AppIcon;
				CODE_SIGN_STYLE = Automatic;
				DEVELOPMENT_TEAM = RX86963RAL;
				INFOPLIST_FILE = WorldClock/Info.plist;
				LD_RUNPATH_SEARCH_PATHS = (
					"$(inherited)",
					"@executable_path/Frameworks",
				);
				PRODUCT_BUNDLE_IDENTIFIER = Biko.WorldClock;
				PRODUCT_NAME = "$(TARGET_NAME)";
				SWIFT_VERSION = 5.0;
				TARGETED_DEVICE_FAMILY = "1,2";
			};
			name = Debug;
		};
		2FA4F2932371BBED0037793D /* Release */ = {
			isa = XCBuildConfiguration;
			baseConfigurationReference = EE8DC99D561C94CCB2A609E4 /* Pods-WorldClock.release.xcconfig */;
			buildSettings = {
				ASSETCATALOG_COMPILER_APPICON_NAME = AppIcon;
				CODE_SIGN_STYLE = Automatic;
				DEVELOPMENT_TEAM = RX86963RAL;
				INFOPLIST_FILE = WorldClock/Info.plist;
				LD_RUNPATH_SEARCH_PATHS = (
					"$(inherited)",
					"@executable_path/Frameworks",
				);
				PRODUCT_BUNDLE_IDENTIFIER = Biko.WorldClock;
				PRODUCT_NAME = "$(TARGET_NAME)";
				SWIFT_VERSION = 5.0;
				TARGETED_DEVICE_FAMILY = "1,2";
			};
			name = Release;
		};
/* End XCBuildConfiguration section */

/* Begin XCConfigurationList section */
		2FA4F27A2371BBEB0037793D /* Build configuration list for PBXProject "WorldClock" */ = {
			isa = XCConfigurationList;
			buildConfigurations = (
				2FA4F28F2371BBED0037793D /* Debug */,
				2FA4F2902371BBED0037793D /* Release */,
			);
			defaultConfigurationIsVisible = 0;
			defaultConfigurationName = Release;
		};
		2FA4F2912371BBED0037793D /* Build configuration list for PBXNativeTarget "WorldClock" */ = {
			isa = XCConfigurationList;
			buildConfigurations = (
				2FA4F2922371BBED0037793D /* Debug */,
				2FA4F2932371BBED0037793D /* Release */,
			);
			defaultConfigurationIsVisible = 0;
			defaultConfigurationName = Release;
		};
/* End XCConfigurationList section */
	};
	rootObject = 2FA4F2772371BBEB0037793D /* Project object */;
}
